// !$*UTF8*$!
{
	archiveVersion = 1;
	classes = {
	};
	objectVersion = 56;
	objects = {

/* Begin PBXBuildFile section */
		E1D8C9BF2D119AEF00FB1587 /* AppDelegate.swift in Sources */ = {isa = PBXBuildFile; fileRef = E1D8C9BE2D119AEF00FB1587 /* AppDelegate.swift */; };
		E1D8C9C12D119AEF00FB1587 /* SceneDelegate.swift in Sources */ = {isa = PBXBuildFile; fileRef = E1D8C9C02D119AEF00FB1587 /* SceneDelegate.swift */; };
		E1D8C9C32D119AEF00FB1587 /* ViewController.swift in Sources */ = {isa = PBXBuildFile; fileRef = E1D8C9C22D119AEF00FB1587 /* ViewController.swift */; };
		E1D8C9C62D119AEF00FB1587 /* Base in Resources */ = {isa = PBXBuildFile; fileRef = E1D8C9C52D119AEF00FB1587 /* Base */; };
		E1D8C9C82D119AF100FB1587 /* Assets.xcassets in Resources */ = {isa = PBXBuildFile; fileRef = E1D8C9C72D119AF100FB1587 /* Assets.xcassets */; };
		E1D8C9CB2D119AF100FB1587 /* Base in Resources */ = {isa = PBXBuildFile; fileRef = E1D8C9CA2D119AF100FB1587 /* Base */; };
		E1D8C9D62D119AF100FB1587 /* DoorDash004Tests.swift in Sources */ = {isa = PBXBuildFile; fileRef = E1D8C9D52D119AF100FB1587 /* DoorDash004Tests.swift */; };
		E1D8C9E02D119AF100FB1587 /* DoorDash004UITests.swift in Sources */ = {isa = PBXBuildFile; fileRef = E1D8C9DF2D119AF100FB1587 /* DoorDash004UITests.swift */; };
		E1D8C9E22D119AF100FB1587 /* DoorDash004UITestsLaunchTests.swift in Sources */ = {isa = PBXBuildFile; fileRef = E1D8C9E12D119AF100FB1587 /* DoorDash004UITestsLaunchTests.swift */; };
/* End PBXBuildFile section */

/* Begin PBXContainerItemProxy section */
		E1D8C9D22D119AF100FB1587 /* PBXContainerItemProxy */ = {
			isa = PBXContainerItemProxy;
			containerPortal = E1D8C9B32D119AEF00FB1587 /* Project object */;
			proxyType = 1;
			remoteGlobalIDString = E1D8C9BA2D119AEF00FB1587;
			remoteInfo = DoorDash004;
		};
		E1D8C9DC2D119AF100FB1587 /* PBXContainerItemProxy */ = {
			isa = PBXContainerItemProxy;
			containerPortal = E1D8C9B32D119AEF00FB1587 /* Project object */;
			proxyType = 1;
			remoteGlobalIDString = E1D8C9BA2D119AEF00FB1587;
			remoteInfo = DoorDash004;
		};
/* End PBXContainerItemProxy section */

/* Begin PBXFileReference section */
		E1D8C9BB2D119AEF00FB1587 /* DoorDash004.app */ = {isa = PBXFileReference; explicitFileType = wrapper.application; includeInIndex = 0; path = DoorDash004.app; sourceTree = BUILT_PRODUCTS_DIR; };
		E1D8C9BE2D119AEF00FB1587 /* AppDelegate.swift */ = {isa = PBXFileReference; lastKnownFileType = sourcecode.swift; path = AppDelegate.swift; sourceTree = "<group>"; };
		E1D8C9C02D119AEF00FB1587 /* SceneDelegate.swift */ = {isa = PBXFileReference; lastKnownFileType = sourcecode.swift; path = SceneDelegate.swift; sourceTree = "<group>"; };
		E1D8C9C22D119AEF00FB1587 /* ViewController.swift */ = {isa = PBXFileReference; lastKnownFileType = sourcecode.swift; path = ViewController.swift; sourceTree = "<group>"; };
		E1D8C9C52D119AEF00FB1587 /* Base */ = {isa = PBXFileReference; lastKnownFileType = file.storyboard; name = Base; path = Base.lproj/Main.storyboard; sourceTree = "<group>"; };
		E1D8C9C72D119AF100FB1587 /* Assets.xcassets */ = {isa = PBXFileReference; lastKnownFileType = folder.assetcatalog; path = Assets.xcassets; sourceTree = "<group>"; };
		E1D8C9CA2D119AF100FB1587 /* Base */ = {isa = PBXFileReference; lastKnownFileType = file.storyboard; name = Base; path = Base.lproj/LaunchScreen.storyboard; sourceTree = "<group>"; };
		E1D8C9CC2D119AF100FB1587 /* Info.plist */ = {isa = PBXFileReference; lastKnownFileType = text.plist.xml; path = Info.plist; sourceTree = "<group>"; };
		E1D8C9D12D119AF100FB1587 /* DoorDash004Tests.xctest */ = {isa = PBXFileReference; explicitFileType = wrapper.cfbundle; includeInIndex = 0; path = DoorDash004Tests.xctest; sourceTree = BUILT_PRODUCTS_DIR; };
		E1D8C9D52D119AF100FB1587 /* DoorDash004Tests.swift */ = {isa = PBXFileReference; lastKnownFileType = sourcecode.swift; path = DoorDash004Tests.swift; sourceTree = "<group>"; };
		E1D8C9DB2D119AF100FB1587 /* DoorDash004UITests.xctest */ = {isa = PBXFileReference; explicitFileType = wrapper.cfbundle; includeInIndex = 0; path = DoorDash004UITests.xctest; sourceTree = BUILT_PRODUCTS_DIR; };
		E1D8C9DF2D119AF100FB1587 /* DoorDash004UITests.swift */ = {isa = PBXFileReference; lastKnownFileType = sourcecode.swift; path = DoorDash004UITests.swift; sourceTree = "<group>"; };
		E1D8C9E12D119AF100FB1587 /* DoorDash004UITestsLaunchTests.swift */ = {isa = PBXFileReference; lastKnownFileType = sourcecode.swift; path = DoorDash004UITestsLaunchTests.swift; sourceTree = "<group>"; };
/* End PBXFileReference section */

/* Begin PBXFrameworksBuildPhase section */
		E1D8C9B82D119AEF00FB1587 /* Frameworks */ = {
			isa = PBXFrameworksBuildPhase;
			buildActionMask = 2147483647;
			files = (
			);
			runOnlyForDeploymentPostprocessing = 0;
		};
		E1D8C9CE2D119AF100FB1587 /* Frameworks */ = {
			isa = PBXFrameworksBuildPhase;
			buildActionMask = 2147483647;
			files = (
			);
			runOnlyForDeploymentPostprocessing = 0;
		};
		E1D8C9D82D119AF100FB1587 /* Frameworks */ = {
			isa = PBXFrameworksBuildPhase;
			buildActionMask = 2147483647;
			files = (
			);
			runOnlyForDeploymentPostprocessing = 0;
		};
/* End PBXFrameworksBuildPhase section */

/* Begin PBXGroup section */
		E1D8C9B22D119AEF00FB1587 = {
			isa = PBXGroup;
			children = (
				E1D8C9BD2D119AEF00FB1587 /* DoorDash004 */,
				E1D8C9D42D119AF100FB1587 /* DoorDash004Tests */,
				E1D8C9DE2D119AF100FB1587 /* DoorDash004UITests */,
				E1D8C9BC2D119AEF00FB1587 /* Products */,
			);
			sourceTree = "<group>";
		};
		E1D8C9BC2D119AEF00FB1587 /* Products */ = {
			isa = PBXGroup;
			children = (
				E1D8C9BB2D119AEF00FB1587 /* DoorDash004.app */,
				E1D8C9D12D119AF100FB1587 /* DoorDash004Tests.xctest */,
				E1D8C9DB2D119AF100FB1587 /* DoorDash004UITests.xctest */,
			);
			name = Products;
			sourceTree = "<group>";
		};
		E1D8C9BD2D119AEF00FB1587 /* DoorDash004 */ = {
			isa = PBXGroup;
			children = (
				E1D8C9BE2D119AEF00FB1587 /* AppDelegate.swift */,
				E1D8C9C02D119AEF00FB1587 /* SceneDelegate.swift */,
				E1D8C9C22D119AEF00FB1587 /* ViewController.swift */,
				E1D8C9C42D119AEF00FB1587 /* Main.storyboard */,
				E1D8C9C72D119AF100FB1587 /* Assets.xcassets */,
				E1D8C9C92D119AF100FB1587 /* LaunchScreen.storyboard */,
				E1D8C9CC2D119AF100FB1587 /* Info.plist */,
			);
			path = DoorDash004;
			sourceTree = "<group>";
		};
		E1D8C9D42D119AF100FB1587 /* DoorDash004Tests */ = {
			isa = PBXGroup;
			children = (
				E1D8C9D52D119AF100FB1587 /* DoorDash004Tests.swift */,
			);
			path = DoorDash004Tests;
			sourceTree = "<group>";
		};
		E1D8C9DE2D119AF100FB1587 /* DoorDash004UITests */ = {
			isa = PBXGroup;
			children = (
				E1D8C9DF2D119AF100FB1587 /* DoorDash004UITests.swift */,
				E1D8C9E12D119AF100FB1587 /* DoorDash004UITestsLaunchTests.swift */,
			);
			path = DoorDash004UITests;
			sourceTree = "<group>";
		};
/* End PBXGroup section */

/* Begin PBXNativeTarget section */
		E1D8C9BA2D119AEF00FB1587 /* DoorDash004 */ = {
			isa = PBXNativeTarget;
			buildConfigurationList = E1D8C9E52D119AF100FB1587 /* Build configuration list for PBXNativeTarget "DoorDash004" */;
			buildPhases = (
				E1D8C9B72D119AEF00FB1587 /* Sources */,
				E1D8C9B82D119AEF00FB1587 /* Frameworks */,
				E1D8C9B92D119AEF00FB1587 /* Resources */,
			);
			buildRules = (
			);
			dependencies = (
			);
			name = DoorDash004;
			productName = DoorDash004;
			productReference = E1D8C9BB2D119AEF00FB1587 /* DoorDash004.app */;
			productType = "com.apple.product-type.application";
		};
		E1D8C9D02D119AF100FB1587 /* DoorDash004Tests */ = {
			isa = PBXNativeTarget;
			buildConfigurationList = E1D8C9E82D119AF100FB1587 /* Build configuration list for PBXNativeTarget "DoorDash004Tests" */;
			buildPhases = (
				E1D8C9CD2D119AF100FB1587 /* Sources */,
				E1D8C9CE2D119AF100FB1587 /* Frameworks */,
				E1D8C9CF2D119AF100FB1587 /* Resources */,
			);
			buildRules = (
			);
			dependencies = (
				E1D8C9D32D119AF100FB1587 /* PBXTargetDependency */,
			);
			name = DoorDash004Tests;
			productName = DoorDash004Tests;
			productReference = E1D8C9D12D119AF100FB1587 /* DoorDash004Tests.xctest */;
			productType = "com.apple.product-type.bundle.unit-test";
		};
		E1D8C9DA2D119AF100FB1587 /* DoorDash004UITests */ = {
			isa = PBXNativeTarget;
			buildConfigurationList = E1D8C9EB2D119AF100FB1587 /* Build configuration list for PBXNativeTarget "DoorDash004UITests" */;
			buildPhases = (
				E1D8C9D72D119AF100FB1587 /* Sources */,
				E1D8C9D82D119AF100FB1587 /* Frameworks */,
				E1D8C9D92D119AF100FB1587 /* Resources */,
			);
			buildRules = (
			);
			dependencies = (
				E1D8C9DD2D119AF100FB1587 /* PBXTargetDependency */,
			);
			name = DoorDash004UITests;
			productName = DoorDash004UITests;
			productReference = E1D8C9DB2D119AF100FB1587 /* DoorDash004UITests.xctest */;
			productType = "com.apple.product-type.bundle.ui-testing";
		};
/* End PBXNativeTarget section */

/* Begin PBXProject section */
		E1D8C9B32D119AEF00FB1587 /* Project object */ = {
			isa = PBXProject;
			attributes = {
				BuildIndependentTargetsInParallel = 1;
				LastSwiftUpdateCheck = 1530;
				LastUpgradeCheck = 1530;
				TargetAttributes = {
					E1D8C9BA2D119AEF00FB1587 = {
						CreatedOnToolsVersion = 15.3;
					};
					E1D8C9D02D119AF100FB1587 = {
						CreatedOnToolsVersion = 15.3;
						TestTargetID = E1D8C9BA2D119AEF00FB1587;
					};
					E1D8C9DA2D119AF100FB1587 = {
						CreatedOnToolsVersion = 15.3;
						TestTargetID = E1D8C9BA2D119AEF00FB1587;
					};
				};
			};
			buildConfigurationList = E1D8C9B62D119AEF00FB1587 /* Build configuration list for PBXProject "DoorDash004" */;
			compatibilityVersion = "Xcode 14.0";
			developmentRegion = en;
			hasScannedForEncodings = 0;
			knownRegions = (
				en,
				Base,
			);
			mainGroup = E1D8C9B22D119AEF00FB1587;
			productRefGroup = E1D8C9BC2D119AEF00FB1587 /* Products */;
			projectDirPath = "";
			projectRoot = "";
			targets = (
				E1D8C9BA2D119AEF00FB1587 /* DoorDash004 */,
				E1D8C9D02D119AF100FB1587 /* DoorDash004Tests */,
				E1D8C9DA2D119AF100FB1587 /* DoorDash004UITests */,
			);
		};
/* End PBXProject section */

/* Begin PBXResourcesBuildPhase section */
		E1D8C9B92D119AEF00FB1587 /* Resources */ = {
			isa = PBXResourcesBuildPhase;
			buildActionMask = 2147483647;
			files = (
				E1D8C9C82D119AF100FB1587 /* Assets.xcassets in Resources */,
				E1D8C9CB2D119AF100FB1587 /* Base in Resources */,
				E1D8C9C62D119AEF00FB1587 /* Base in Resources */,
			);
			runOnlyForDeploymentPostprocessing = 0;
		};
		E1D8C9CF2D119AF100FB1587 /* Resources */ = {
			isa = PBXResourcesBuildPhase;
			buildActionMask = 2147483647;
			files = (
			);
			runOnlyForDeploymentPostprocessing = 0;
		};
		E1D8C9D92D119AF100FB1587 /* Resources */ = {
			isa = PBXResourcesBuildPhase;
			buildActionMask = 2147483647;
			files = (
			);
			runOnlyForDeploymentPostprocessing = 0;
		};
/* End PBXResourcesBuildPhase section */

/* Begin PBXSourcesBuildPhase section */
		E1D8C9B72D119AEF00FB1587 /* Sources */ = {
			isa = PBXSourcesBuildPhase;
			buildActionMask = 2147483647;
			files = (
				E1D8C9C32D119AEF00FB1587 /* ViewController.swift in Sources */,
				E1D8C9BF2D119AEF00FB1587 /* AppDelegate.swift in Sources */,
				E1D8C9C12D119AEF00FB1587 /* SceneDelegate.swift in Sources */,
			);
			runOnlyForDeploymentPostprocessing = 0;
		};
		E1D8C9CD2D119AF100FB1587 /* Sources */ = {
			isa = PBXSourcesBuildPhase;
			buildActionMask = 2147483647;
			files = (
				E1D8C9D62D119AF100FB1587 /* DoorDash004Tests.swift in Sources */,
			);
			runOnlyForDeploymentPostprocessing = 0;
		};
		E1D8C9D72D119AF100FB1587 /* Sources */ = {
			isa = PBXSourcesBuildPhase;
			buildActionMask = 2147483647;
			files = (
				E1D8C9E02D119AF100FB1587 /* DoorDash004UITests.swift in Sources */,
				E1D8C9E22D119AF100FB1587 /* DoorDash004UITestsLaunchTests.swift in Sources */,
			);
			runOnlyForDeploymentPostprocessing = 0;
		};
/* End PBXSourcesBuildPhase section */

/* Begin PBXTargetDependency section */
		E1D8C9D32D119AF100FB1587 /* PBXTargetDependency */ = {
			isa = PBXTargetDependency;
			target = E1D8C9BA2D119AEF00FB1587 /* DoorDash004 */;
			targetProxy = E1D8C9D22D119AF100FB1587 /* PBXContainerItemProxy */;
		};
		E1D8C9DD2D119AF100FB1587 /* PBXTargetDependency */ = {
			isa = PBXTargetDependency;
			target = E1D8C9BA2D119AEF00FB1587 /* DoorDash004 */;
			targetProxy = E1D8C9DC2D119AF100FB1587 /* PBXContainerItemProxy */;
		};
/* End PBXTargetDependency section */

/* Begin PBXVariantGroup section */
		E1D8C9C42D119AEF00FB1587 /* Main.storyboard */ = {
			isa = PBXVariantGroup;
			children = (
				E1D8C9C52D119AEF00FB1587 /* Base */,
			);
			name = Main.storyboard;
			sourceTree = "<group>";
		};
		E1D8C9C92D119AF100FB1587 /* LaunchScreen.storyboard */ = {
			isa = PBXVariantGroup;
			children = (
				E1D8C9CA2D119AF100FB1587 /* Base */,
			);
			name = LaunchScreen.storyboard;
			sourceTree = "<group>";
		};
/* End PBXVariantGroup section */

/* Begin XCBuildConfiguration section */
		E1D8C9E32D119AF100FB1587 /* Debug */ = {
			isa = XCBuildConfiguration;
			buildSettings = {
				ALWAYS_SEARCH_USER_PATHS = NO;
				ASSETCATALOG_COMPILER_GENERATE_SWIFT_ASSET_SYMBOL_EXTENSIONS = YES;
				CLANG_ANALYZER_NONNULL = YES;
				CLANG_ANALYZER_NUMBER_OBJECT_CONVERSION = YES_AGGRESSIVE;
				CLANG_CXX_LANGUAGE_STANDARD = "gnu++20";
				CLANG_ENABLE_MODULES = YES;
				CLANG_ENABLE_OBJC_ARC = YES;
				CLANG_ENABLE_OBJC_WEAK = YES;
				CLANG_WARN_BLOCK_CAPTURE_AUTORELEASING = YES;
				CLANG_WARN_BOOL_CONVERSION = YES;
				CLANG_WARN_COMMA = YES;
				CLANG_WARN_CONSTANT_CONVERSION = YES;
				CLANG_WARN_DEPRECATED_OBJC_IMPLEMENTATIONS = YES;
				CLANG_WARN_DIRECT_OBJC_ISA_USAGE = YES_ERROR;
				CLANG_WARN_DOCUMENTATION_COMMENTS = YES;
				CLANG_WARN_EMPTY_BODY = YES;
				CLANG_WARN_ENUM_CONVERSION = YES;
				CLANG_WARN_INFINITE_RECURSION = YES;
				CLANG_WARN_INT_CONVERSION = YES;
				CLANG_WARN_NON_LITERAL_NULL_CONVERSION = YES;
				CLANG_WARN_OBJC_IMPLICIT_RETAIN_SELF = YES;
				CLANG_WARN_OBJC_LITERAL_CONVERSION = YES;
				CLANG_WARN_OBJC_ROOT_CLASS = YES_ERROR;
				CLANG_WARN_QUOTED_INCLUDE_IN_FRAMEWORK_HEADER = YES;
				CLANG_WARN_RANGE_LOOP_ANALYSIS = YES;
				CLANG_WARN_STRICT_PROTOTYPES = YES;
				CLANG_WARN_SUSPICIOUS_MOVE = YES;
				CLANG_WARN_UNGUARDED_AVAILABILITY = YES_AGGRESSIVE;
				CLANG_WARN_UNREACHABLE_CODE = YES;
				CLANG_WARN__DUPLICATE_METHOD_MATCH = YES;
				COPY_PHASE_STRIP = NO;
				DEBUG_INFORMATION_FORMAT = dwarf;
				ENABLE_STRICT_OBJC_MSGSEND = YES;
				ENABLE_TESTABILITY = YES;
				ENABLE_USER_SCRIPT_SANDBOXING = YES;
				GCC_C_LANGUAGE_STANDARD = gnu17;
				GCC_DYNAMIC_NO_PIC = NO;
				GCC_NO_COMMON_BLOCKS = YES;
				GCC_OPTIMIZATION_LEVEL = 0;
				GCC_PREPROCESSOR_DEFINITIONS = (
					"DEBUG=1",
					"$(inherited)",
				);
				GCC_WARN_64_TO_32_BIT_CONVERSION = YES;
				GCC_WARN_ABOUT_RETURN_TYPE = YES_ERROR;
				GCC_WARN_UNDECLARED_SELECTOR = YES;
				GCC_WARN_UNINITIALIZED_AUTOS = YES_AGGRESSIVE;
				GCC_WARN_UNUSED_FUNCTION = YES;
				GCC_WARN_UNUSED_VARIABLE = YES;
				IPHONEOS_DEPLOYMENT_TARGET = 17.4;
				LOCALIZATION_PREFERS_STRING_CATALOGS = YES;
				MTL_ENABLE_DEBUG_INFO = INCLUDE_SOURCE;
				MTL_FAST_MATH = YES;
				ONLY_ACTIVE_ARCH = YES;
				SDKROOT = iphoneos;
				SWIFT_ACTIVE_COMPILATION_CONDITIONS = "DEBUG $(inherited)";
				SWIFT_OPTIMIZATION_LEVEL = "-Onone";
			};
			name = Debug;
		};
		E1D8C9E42D119AF100FB1587 /* Release */ = {
			isa = XCBuildConfiguration;
			buildSettings = {
				ALWAYS_SEARCH_USER_PATHS = NO;
				ASSETCATALOG_COMPILER_GENERATE_SWIFT_ASSET_SYMBOL_EXTENSIONS = YES;
				CLANG_ANALYZER_NONNULL = YES;
				CLANG_ANALYZER_NUMBER_OBJECT_CONVERSION = YES_AGGRESSIVE;
				CLANG_CXX_LANGUAGE_STANDARD = "gnu++20";
				CLANG_ENABLE_MODULES = YES;
				CLANG_ENABLE_OBJC_ARC = YES;
				CLANG_ENABLE_OBJC_WEAK = YES;
				CLANG_WARN_BLOCK_CAPTURE_AUTORELEASING = YES;
				CLANG_WARN_BOOL_CONVERSION = YES;
				CLANG_WARN_COMMA = YES;
				CLANG_WARN_CONSTANT_CONVERSION = YES;
				CLANG_WARN_DEPRECATED_OBJC_IMPLEMENTATIONS = YES;
				CLANG_WARN_DIRECT_OBJC_ISA_USAGE = YES_ERROR;
				CLANG_WARN_DOCUMENTATION_COMMENTS = YES;
				CLANG_WARN_EMPTY_BODY = YES;
				CLANG_WARN_ENUM_CONVERSION = YES;
				CLANG_WARN_INFINITE_RECURSION = YES;
				CLANG_WARN_INT_CONVERSION = YES;
				CLANG_WARN_NON_LITERAL_NULL_CONVERSION = YES;
				CLANG_WARN_OBJC_IMPLICIT_RETAIN_SELF = YES;
				CLANG_WARN_OBJC_LITERAL_CONVERSION = YES;
				CLANG_WARN_OBJC_ROOT_CLASS = YES_ERROR;
				CLANG_WARN_QUOTED_INCLUDE_IN_FRAMEWORK_HEADER = YES;
				CLANG_WARN_RANGE_LOOP_ANALYSIS = YES;
				CLANG_WARN_STRICT_PROTOTYPES = YES;
				CLANG_WARN_SUSPICIOUS_MOVE = YES;
				CLANG_WARN_UNGUARDED_AVAILABILITY = YES_AGGRESSIVE;
				CLANG_WARN_UNREACHABLE_CODE = YES;
				CLANG_WARN__DUPLICATE_METHOD_MATCH = YES;
				COPY_PHASE_STRIP = NO;
				DEBUG_INFORMATION_FORMAT = "dwarf-with-dsym";
				ENABLE_NS_ASSERTIONS = NO;
				ENABLE_STRICT_OBJC_MSGSEND = YES;
				ENABLE_USER_SCRIPT_SANDBOXING = YES;
				GCC_C_LANGUAGE_STANDARD = gnu17;
				GCC_NO_COMMON_BLOCKS = YES;
				GCC_WARN_64_TO_32_BIT_CONVERSION = YES;
				GCC_WARN_ABOUT_RETURN_TYPE = YES_ERROR;
				GCC_WARN_UNDECLARED_SELECTOR = YES;
				GCC_WARN_UNINITIALIZED_AUTOS = YES_AGGRESSIVE;
				GCC_WARN_UNUSED_FUNCTION = YES;
				GCC_WARN_UNUSED_VARIABLE = YES;
				IPHONEOS_DEPLOYMENT_TARGET = 17.4;
				LOCALIZATION_PREFERS_STRING_CATALOGS = YES;
				MTL_ENABLE_DEBUG_INFO = NO;
				MTL_FAST_MATH = YES;
				SDKROOT = iphoneos;
				SWIFT_COMPILATION_MODE = wholemodule;
				VALIDATE_PRODUCT = YES;
			};
			name = Release;
		};
		E1D8C9E62D119AF100FB1587 /* Debug */ = {
			isa = XCBuildConfiguration;
			buildSettings = {
				ASSETCATALOG_COMPILER_APPICON_NAME = AppIcon;
				ASSETCATALOG_COMPILER_GLOBAL_ACCENT_COLOR_NAME = AccentColor;
				CODE_SIGN_STYLE = Automatic;
				CURRENT_PROJECT_VERSION = 1;
				GENERATE_INFOPLIST_FILE = YES;
				INFOPLIST_FILE = DoorDash004/Info.plist;
				INFOPLIST_KEY_UIApplicationSupportsIndirectInputEvents = YES;
				INFOPLIST_KEY_UILaunchStoryboardName = LaunchScreen;
				INFOPLIST_KEY_UIMainStoryboardFile = Main;
				INFOPLIST_KEY_UISupportedInterfaceOrientations_iPad = "UIInterfaceOrientationPortrait UIInterfaceOrientationPortraitUpsideDown UIInterfaceOrientationLandscapeLeft UIInterfaceOrientationLandscapeRight";
				INFOPLIST_KEY_UISupportedInterfaceOrientations_iPhone = "UIInterfaceOrientationPortrait UIInterfaceOrientationLandscapeLeft UIInterfaceOrientationLandscapeRight";
				LD_RUNPATH_SEARCH_PATHS = (
					"$(inherited)",
					"@executable_path/Frameworks",
				);
				MARKETING_VERSION = 1.0;
				PRODUCT_BUNDLE_IDENTIFIER = NeylorBagagi.DoorDash004;
				PRODUCT_NAME = "$(TARGET_NAME)";
				SWIFT_EMIT_LOC_STRINGS = YES;
				SWIFT_VERSION = 5.0;
				TARGETED_DEVICE_FAMILY = "1,2";
			};
			name = Debug;
		};
		E1D8C9E72D119AF100FB1587 /* Release */ = {
			isa = XCBuildConfiguration;
			buildSettings = {
				ASSETCATALOG_COMPILER_APPICON_NAME = AppIcon;
				ASSETCATALOG_COMPILER_GLOBAL_ACCENT_COLOR_NAME = AccentColor;
				CODE_SIGN_STYLE = Automatic;
				CURRENT_PROJECT_VERSION = 1;
				GENERATE_INFOPLIST_FILE = YES;
				INFOPLIST_FILE = DoorDash004/Info.plist;
				INFOPLIST_KEY_UIApplicationSupportsIndirectInputEvents = YES;
				INFOPLIST_KEY_UILaunchStoryboardName = LaunchScreen;
				INFOPLIST_KEY_UIMainStoryboardFile = Main;
				INFOPLIST_KEY_UISupportedInterfaceOrientations_iPad = "UIInterfaceOrientationPortrait UIInterfaceOrientationPortraitUpsideDown UIInterfaceOrientationLandscapeLeft UIInterfaceOrientationLandscapeRight";
				INFOPLIST_KEY_UISupportedInterfaceOrientations_iPhone = "UIInterfaceOrientationPortrait UIInterfaceOrientationLandscapeLeft UIInterfaceOrientationLandscapeRight";
				LD_RUNPATH_SEARCH_PATHS = (
					"$(inherited)",
					"@executable_path/Frameworks",
				);
				MARKETING_VERSION = 1.0;
				PRODUCT_BUNDLE_IDENTIFIER = NeylorBagagi.DoorDash004;
				PRODUCT_NAME = "$(TARGET_NAME)";
				SWIFT_EMIT_LOC_STRINGS = YES;
				SWIFT_VERSION = 5.0;
				TARGETED_DEVICE_FAMILY = "1,2";
			};
			name = Release;
		};
		E1D8C9E92D119AF100FB1587 /* Debug */ = {
			isa = XCBuildConfiguration;
			buildSettings = {
				ALWAYS_EMBED_SWIFT_STANDARD_LIBRARIES = YES;
				BUNDLE_LOADER = "$(TEST_HOST)";
				CODE_SIGN_STYLE = Automatic;
				CURRENT_PROJECT_VERSION = 1;
				GENERATE_INFOPLIST_FILE = YES;
				IPHONEOS_DEPLOYMENT_TARGET = 17.4;
				MARKETING_VERSION = 1.0;
				PRODUCT_BUNDLE_IDENTIFIER = NeylorBagagi.DoorDash004Tests;
				PRODUCT_NAME = "$(TARGET_NAME)";
				SWIFT_EMIT_LOC_STRINGS = NO;
				SWIFT_VERSION = 5.0;
				TARGETED_DEVICE_FAMILY = "1,2";
				TEST_HOST = "$(BUILT_PRODUCTS_DIR)/DoorDash004.app/$(BUNDLE_EXECUTABLE_FOLDER_PATH)/DoorDash004";
			};
			name = Debug;
		};
		E1D8C9EA2D119AF100FB1587 /* Release */ = {
			isa = XCBuildConfiguration;
			buildSettings = {
				ALWAYS_EMBED_SWIFT_STANDARD_LIBRARIES = YES;
				BUNDLE_LOADER = "$(TEST_HOST)";
				CODE_SIGN_STYLE = Automatic;
				CURRENT_PROJECT_VERSION = 1;
				GENERATE_INFOPLIST_FILE = YES;
				IPHONEOS_DEPLOYMENT_TARGET = 17.4;
				MARKETING_VERSION = 1.0;
				PRODUCT_BUNDLE_IDENTIFIER = NeylorBagagi.DoorDash004Tests;
				PRODUCT_NAME = "$(TARGET_NAME)";
				SWIFT_EMIT_LOC_STRINGS = NO;
				SWIFT_VERSION = 5.0;
				TARGETED_DEVICE_FAMILY = "1,2";
				TEST_HOST = "$(BUILT_PRODUCTS_DIR)/DoorDash004.app/$(BUNDLE_EXECUTABLE_FOLDER_PATH)/DoorDash004";
			};
			name = Release;
		};
		E1D8C9EC2D119AF100FB1587 /* Debug */ = {
			isa = XCBuildConfiguration;
			buildSettings = {
				ALWAYS_EMBED_SWIFT_STANDARD_LIBRARIES = YES;
				CODE_SIGN_STYLE = Automatic;
				CURRENT_PROJECT_VERSION = 1;
				GENERATE_INFOPLIST_FILE = YES;
				MARKETING_VERSION = 1.0;
				PRODUCT_BUNDLE_IDENTIFIER = NeylorBagagi.DoorDash004UITests;
				PRODUCT_NAME = "$(TARGET_NAME)";
				SWIFT_EMIT_LOC_STRINGS = NO;
				SWIFT_VERSION = 5.0;
				TARGETED_DEVICE_FAMILY = "1,2";
				TEST_TARGET_NAME = DoorDash004;
			};
			name = Debug;
		};
		E1D8C9ED2D119AF100FB1587 /* Release */ = {
			isa = XCBuildConfiguration;
			buildSettings = {
				ALWAYS_EMBED_SWIFT_STANDARD_LIBRARIES = YES;
				CODE_SIGN_STYLE = Automatic;
				CURRENT_PROJECT_VERSION = 1;
				GENERATE_INFOPLIST_FILE = YES;
				MARKETING_VERSION = 1.0;
				PRODUCT_BUNDLE_IDENTIFIER = NeylorBagagi.DoorDash004UITests;
				PRODUCT_NAME = "$(TARGET_NAME)";
				SWIFT_EMIT_LOC_STRINGS = NO;
				SWIFT_VERSION = 5.0;
				TARGETED_DEVICE_FAMILY = "1,2";
				TEST_TARGET_NAME = DoorDash004;
			};
			name = Release;
		};
/* End XCBuildConfiguration section */

/* Begin XCConfigurationList section */
		E1D8C9B62D119AEF00FB1587 /* Build configuration list for PBXProject "DoorDash004" */ = {
			isa = XCConfigurationList;
			buildConfigurations = (
				E1D8C9E32D119AF100FB1587 /* Debug */,
				E1D8C9E42D119AF100FB1587 /* Release */,
			);
			defaultConfigurationIsVisible = 0;
			defaultConfigurationName = Release;
		};
		E1D8C9E52D119AF100FB1587 /* Build configuration list for PBXNativeTarget "DoorDash004" */ = {
			isa = XCConfigurationList;
			buildConfigurations = (
				E1D8C9E62D119AF100FB1587 /* Debug */,
				E1D8C9E72D119AF100FB1587 /* Release */,
			);
			defaultConfigurationIsVisible = 0;
			defaultConfigurationName = Release;
		};
		E1D8C9E82D119AF100FB1587 /* Build configuration list for PBXNativeTarget "DoorDash004Tests" */ = {
			isa = XCConfigurationList;
			buildConfigurations = (
				E1D8C9E92D119AF100FB1587 /* Debug */,
				E1D8C9EA2D119AF100FB1587 /* Release */,
			);
			defaultConfigurationIsVisible = 0;
			defaultConfigurationName = Release;
		};
		E1D8C9EB2D119AF100FB1587 /* Build configuration list for PBXNativeTarget "DoorDash004UITests" */ = {
			isa = XCConfigurationList;
			buildConfigurations = (
				E1D8C9EC2D119AF100FB1587 /* Debug */,
				E1D8C9ED2D119AF100FB1587 /* Release */,
			);
			defaultConfigurationIsVisible = 0;
			defaultConfigurationName = Release;
		};
/* End XCConfigurationList section */
	};
	rootObject = E1D8C9B32D119AEF00FB1587 /* Project object */;
}
